
Microsoft Visual Studio Solution File, Format Version 12.00
# Visual Studio Version 17
VisualStudioVersion = 17.10.35122.118
MinimumVisualStudioVersion = 10.0.40219.1
Project("{2150E333-8FDC-42A3-9474-1A3956D46DE8}") = "Services", "Services", "{74AA2AE4-6B07-4745-8CD9-41304354D49E}"
EndProject
Project("{2150E333-8FDC-42A3-9474-1A3956D46DE8}") = "Catalog", "Catalog", "{16527036-3400-4418-9A29-2A694A6259D7}"
EndProject
Project("{9A19103F-16F7-4668-BE54-9A1E7A4F7556}") = "Catalog.API", "Services\Catalog\Catalog.API\Catalog.API.csproj", "{B9E81B6A-1E1B-461A-876C-7FC98F3196A5}"
EndProject
Project("{2150E333-8FDC-42A3-9474-1A3956D46DE8}") = "BuildingBlocks", "BuildingBlocks", "{47D3D566-E4BE-4462-B5EE-9D94ADAAD699}"
EndProject
Project("{9A19103F-16F7-4668-BE54-9A1E7A4F7556}") = "BuildingBlocks", "BuildingBlocks\BuildingBlocks\BuildingBlocks.csproj", "{E0B2B313-AAC2-41F4-8D37-31D906751E5D}"
EndProject
Project("{E53339B2-1760-4266-BCC7-CA923CBCF16C}") = "docker-compose", "docker-compose.dcproj", "{713A48B3-A338-4376-A2B3-6D4FDFE8D1C6}"
EndProject
Project("{2150E333-8FDC-42A3-9474-1A3956D46DE8}") = "Basket", "Basket", "{78EC9099-6674-48D5-9938-78E48A1B8A1A}"
EndProject
Project("{9A19103F-16F7-4668-BE54-9A1E7A4F7556}") = "Basket.API", "Services\Basket\Basket.API\Basket.API.csproj", "{1B164AD5-DBFE-4FF8-8A7D-4091ACA0A3F3}"
EndProject
Project("{2150E333-8FDC-42A3-9474-1A3956D46DE8}") = "Discount", "Discount", "{1F05B81A-AF7D-4531-BB9A-2B091DCA2BF1}"
EndProject
Project("{9A19103F-16F7-4668-BE54-9A1E7A4F7556}") = "Discount.Grpc", "Services\Discount\Discount.Grpc\Discount.Grpc.csproj", "{EACA756C-4FED-4817-A283-28462B6F4E61}"
EndProject
Project("{2150E333-8FDC-42A3-9474-1A3956D46DE8}") = "Ordering", "Ordering", "{FDD58564-299C-4301-9706-F1658C28719F}"
EndProject
Project("{FAE04EC0-301F-11D3-BF4B-00C04F79EFBC}") = "Ordering.API", "Services\Ordering\Ordering.API\Ordering.API.csproj", "{1C13F56D-7AB0-49C7-A1AC-6B14E32FEB5D}"
EndProject
Project("{FAE04EC0-301F-11D3-BF4B-00C04F79EFBC}") = "Ordering.Domain", "Services\Ordering\Ordering.Domain\Ordering.Domain.csproj", "{633F47B3-7F9D-44DB-92AF-F5FC9E68C6AD}"
EndProject
Project("{FAE04EC0-301F-11D3-BF4B-00C04F79EFBC}") = "Ordering.Application", "Services\Ordering\Ordering.Application\Ordering.Application.csproj", "{2BA44E8E-E9DC-41EB-82D8-078F885C4B12}"
EndProject
Project("{FAE04EC0-301F-11D3-BF4B-00C04F79EFBC}") = "Ordering.Infrastructure", "Services\Ordering\Ordering.Infrastructure\Ordering.Infrastructure.csproj", "{E3E58056-2F25-452D-92C7-995F1AB3B49E}"
EndProject
Global
	GlobalSection(SolutionConfigurationPlatforms) = preSolution
		Debug|Any CPU = Debug|Any CPU
		Release|Any CPU = Release|Any CPU
	EndGlobalSection
	GlobalSection(ProjectConfigurationPlatforms) = postSolution
		{B9E81B6A-1E1B-461A-876C-7FC98F3196A5}.Debug|Any CPU.ActiveCfg = Debug|Any CPU
		{B9E81B6A-1E1B-461A-876C-7FC98F3196A5}.Debug|Any CPU.Build.0 = Debug|Any CPU
		{B9E81B6A-1E1B-461A-876C-7FC98F3196A5}.Release|Any CPU.ActiveCfg = Release|Any CPU
		{B9E81B6A-1E1B-461A-876C-7FC98F3196A5}.Release|Any CPU.Build.0 = Release|Any CPU
		{E0B2B313-AAC2-41F4-8D37-31D906751E5D}.Debug|Any CPU.ActiveCfg = Debug|Any CPU
		{E0B2B313-AAC2-41F4-8D37-31D906751E5D}.Debug|Any CPU.Build.0 = Debug|Any CPU
		{E0B2B313-AAC2-41F4-8D37-31D906751E5D}.Release|Any CPU.ActiveCfg = Release|Any CPU
		{E0B2B313-AAC2-41F4-8D37-31D906751E5D}.Release|Any CPU.Build.0 = Release|Any CPU
		{713A48B3-A338-4376-A2B3-6D4FDFE8D1C6}.Debug|Any CPU.ActiveCfg = Debug|Any CPU
		{713A48B3-A338-4376-A2B3-6D4FDFE8D1C6}.Debug|Any CPU.Build.0 = Debug|Any CPU
		{713A48B3-A338-4376-A2B3-6D4FDFE8D1C6}.Release|Any CPU.ActiveCfg = Release|Any CPU
		{713A48B3-A338-4376-A2B3-6D4FDFE8D1C6}.Release|Any CPU.Build.0 = Release|Any CPU
		{1B164AD5-DBFE-4FF8-8A7D-4091ACA0A3F3}.Debug|Any CPU.ActiveCfg = Debug|Any CPU
		{1B164AD5-DBFE-4FF8-8A7D-4091ACA0A3F3}.Debug|Any CPU.Build.0 = Debug|Any CPU
		{1B164AD5-DBFE-4FF8-8A7D-4091ACA0A3F3}.Release|Any CPU.ActiveCfg = Release|Any CPU
		{1B164AD5-DBFE-4FF8-8A7D-4091ACA0A3F3}.Release|Any CPU.Build.0 = Release|Any CPU
		{EACA756C-4FED-4817-A283-28462B6F4E61}.Debug|Any CPU.ActiveCfg = Debug|Any CPU
		{EACA756C-4FED-4817-A283-28462B6F4E61}.Debug|Any CPU.Build.0 = Debug|Any CPU
		{EACA756C-4FED-4817-A283-28462B6F4E61}.Release|Any CPU.ActiveCfg = Release|Any CPU
		{EACA756C-4FED-4817-A283-28462B6F4E61}.Release|Any CPU.Build.0 = Release|Any CPU
		{1C13F56D-7AB0-49C7-A1AC-6B14E32FEB5D}.Debug|Any CPU.ActiveCfg = Debug|Any CPU
		{1C13F56D-7AB0-49C7-A1AC-6B14E32FEB5D}.Debug|Any CPU.Build.0 = Debug|Any CPU
		{1C13F56D-7AB0-49C7-A1AC-6B14E32FEB5D}.Release|Any CPU.ActiveCfg = Release|Any CPU
		{1C13F56D-7AB0-49C7-A1AC-6B14E32FEB5D}.Release|Any CPU.Build.0 = Release|Any CPU
		{633F47B3-7F9D-44DB-92AF-F5FC9E68C6AD}.Debug|Any CPU.ActiveCfg = Debug|Any CPU
		{633F47B3-7F9D-44DB-92AF-F5FC9E68C6AD}.Debug|Any CPU.Build.0 = Debug|Any CPU
		{633F47B3-7F9D-44DB-92AF-F5FC9E68C6AD}.Release|Any CPU.ActiveCfg = Release|Any CPU
		{633F47B3-7F9D-44DB-92AF-F5FC9E68C6AD}.Release|Any CPU.Build.0 = Release|Any CPU
		{2BA44E8E-E9DC-41EB-82D8-078F885C4B12}.Debug|Any CPU.ActiveCfg = Debug|Any CPU
		{2BA44E8E-E9DC-41EB-82D8-078F885C4B12}.Debug|Any CPU.Build.0 = Debug|Any CPU
		{2BA44E8E-E9DC-41EB-82D8-078F885C4B12}.Release|Any CPU.ActiveCfg = Release|Any CPU
		{2BA44E8E-E9DC-41EB-82D8-078F885C4B12}.Release|Any CPU.Build.0 = Release|Any CPU
		{E3E58056-2F25-452D-92C7-995F1AB3B49E}.Debug|Any CPU.ActiveCfg = Debug|Any CPU
		{E3E58056-2F25-452D-92C7-995F1AB3B49E}.Debug|Any CPU.Build.0 = Debug|Any CPU
		{E3E58056-2F25-452D-92C7-995F1AB3B49E}.Release|Any CPU.ActiveCfg = Release|Any CPU
		{E3E58056-2F25-452D-92C7-995F1AB3B49E}.Release|Any CPU.Build.0 = Release|Any CPU
	EndGlobalSection
	GlobalSection(SolutionProperties) = preSolution
		HideSolutionNode = FALSE
	EndGlobalSection
	GlobalSection(NestedProjects) = preSolution
		{16527036-3400-4418-9A29-2A694A6259D7} = {74AA2AE4-6B07-4745-8CD9-41304354D49E}
		{B9E81B6A-1E1B-461A-876C-7FC98F3196A5} = {16527036-3400-4418-9A29-2A694A6259D7}
		{E0B2B313-AAC2-41F4-8D37-31D906751E5D} = {47D3D566-E4BE-4462-B5EE-9D94ADAAD699}
		{78EC9099-6674-48D5-9938-78E48A1B8A1A} = {74AA2AE4-6B07-4745-8CD9-41304354D49E}
		{1B164AD5-DBFE-4FF8-8A7D-4091ACA0A3F3} = {78EC9099-6674-48D5-9938-78E48A1B8A1A}
		{1F05B81A-AF7D-4531-BB9A-2B091DCA2BF1} = {74AA2AE4-6B07-4745-8CD9-41304354D49E}
		{EACA756C-4FED-4817-A283-28462B6F4E61} = {1F05B81A-AF7D-4531-BB9A-2B091DCA2BF1}
		{FDD58564-299C-4301-9706-F1658C28719F} = {74AA2AE4-6B07-4745-8CD9-41304354D49E}
		{1C13F56D-7AB0-49C7-A1AC-6B14E32FEB5D} = {FDD58564-299C-4301-9706-F1658C28719F}
		{633F47B3-7F9D-44DB-92AF-F5FC9E68C6AD} = {FDD58564-299C-4301-9706-F1658C28719F}
		{2BA44E8E-E9DC-41EB-82D8-078F885C4B12} = {FDD58564-299C-4301-9706-F1658C28719F}
		{E3E58056-2F25-452D-92C7-995F1AB3B49E} = {FDD58564-299C-4301-9706-F1658C28719F}
	EndGlobalSection
	GlobalSection(ExtensibilityGlobals) = postSolution
		SolutionGuid = {D145F5F7-E432-40EB-BB0C-862F04573590}
	EndGlobalSection
EndGlobal
